
Microsoft Visual Studio Solution File, Format Version 12.00
# Visual Studio Version 17
VisualStudioVersion = 17.1.32407.343
MinimumVisualStudioVersion = 10.0.40219.1
Project("{FAE04EC0-301F-11D3-BF4B-00C04F79EFBC}") = "grafos", "grafos\grafos.csproj", "{CBA9F704-0A8E-4235-84C1-7E0B501E757A}"
EndProject
Global
	GlobalSection(SolutionConfigurationPlatforms) = preSolution
		Debug|Any CPU = Debug|Any CPU
		Release|Any CPU = Release|Any CPU
	EndGlobalSection
	GlobalSection(ProjectConfigurationPlatforms) = postSolution
		{CBA9F704-0A8E-4235-84C1-7E0B501E757A}.Debug|Any CPU.ActiveCfg = Debug|Any CPU
		{CBA9F704-0A8E-4235-84C1-7E0B501E757A}.Debug|Any CPU.Build.0 = Debug|Any CPU
		{CBA9F704-0A8E-4235-84C1-7E0B501E757A}.Release|Any CPU.ActiveCfg = Release|Any CPU
		{CBA9F704-0A8E-4235-84C1-7E0B501E757A}.Release|Any CPU.Build.0 = Release|Any CPU
	EndGlobalSection
	GlobalSection(SolutionProperties) = preSolution
		HideSolutionNode = FALSE
	EndGlobalSection
	GlobalSection(ExtensibilityGlobals) = postSolution
		SolutionGuid = {4E8C2A2F-6D58-4631-9DCB-182F0B2A5CD7}
	EndGlobalSection
EndGlobal
